
Microsoft Visual Studio Solution File, Format Version 12.00
# Visual Studio 15
VisualStudioVersion = 15.0.26730.8
MinimumVisualStudioVersion = 10.0.40219.1
Project("{9A19103F-16F7-4668-BE54-9A1E7A4F7556}") = "EFCore.Seeder", "EFCore.Seeder\EFCore.Seeder.csproj", "{360DA02E-E1F0-47B8-98A1-2D7D840E0946}"
EndProject
Project("{9A19103F-16F7-4668-BE54-9A1E7A4F7556}") = "EFCore.Seeder.Tests", "EFCore.Seeder.Tests\EFCore.Seeder.Tests.csproj", "{8574E989-DAEB-470F-AC87-FAF3127FDFCF}"
EndProject
Project("{9A19103F-16F7-4668-BE54-9A1E7A4F7556}") = "EFCore.Seeder.Entities", "EFCore.Seeder.Entities\EFCore.Seeder.Entities.csproj", "{7239CC06-3C7B-4A01-8788-5181B45E446F}"
EndProject
Project("{FAE04EC0-301F-11D3-BF4B-00C04F79EFBC}") = "EFCore.Seeder.Console", "EFCore.Seeder.Console\EFCore.Seeder.Console.csproj", "{3BC268BE-565B-4C43-83DB-B2F18E606186}"
EndProject
Global
	GlobalSection(SolutionConfigurationPlatforms) = preSolution
		Debug|Any CPU = Debug|Any CPU
		Release|Any CPU = Release|Any CPU
	EndGlobalSection
	GlobalSection(ProjectConfigurationPlatforms) = postSolution
		{360DA02E-E1F0-47B8-98A1-2D7D840E0946}.Debug|Any CPU.ActiveCfg = Debug|Any CPU
		{360DA02E-E1F0-47B8-98A1-2D7D840E0946}.Debug|Any CPU.Build.0 = Debug|Any CPU
		{360DA02E-E1F0-47B8-98A1-2D7D840E0946}.Release|Any CPU.ActiveCfg = Release|Any CPU
		{360DA02E-E1F0-47B8-98A1-2D7D840E0946}.Release|Any CPU.Build.0 = Release|Any CPU
		{8574E989-DAEB-470F-AC87-FAF3127FDFCF}.Debug|Any CPU.ActiveCfg = Debug|Any CPU
		{8574E989-DAEB-470F-AC87-FAF3127FDFCF}.Debug|Any CPU.Build.0 = Debug|Any CPU
		{8574E989-DAEB-470F-AC87-FAF3127FDFCF}.Release|Any CPU.ActiveCfg = Release|Any CPU
		{8574E989-DAEB-470F-AC87-FAF3127FDFCF}.Release|Any CPU.Build.0 = Release|Any CPU
		{7239CC06-3C7B-4A01-8788-5181B45E446F}.Debug|Any CPU.ActiveCfg = Debug|Any CPU
		{7239CC06-3C7B-4A01-8788-5181B45E446F}.Debug|Any CPU.Build.0 = Debug|Any CPU
		{7239CC06-3C7B-4A01-8788-5181B45E446F}.Release|Any CPU.ActiveCfg = Release|Any CPU
		{7239CC06-3C7B-4A01-8788-5181B45E446F}.Release|Any CPU.Build.0 = Release|Any CPU
		{3BC268BE-565B-4C43-83DB-B2F18E606186}.Debug|Any CPU.ActiveCfg = Debug|Any CPU
		{3BC268BE-565B-4C43-83DB-B2F18E606186}.Debug|Any CPU.Build.0 = Debug|Any CPU
		{3BC268BE-565B-4C43-83DB-B2F18E606186}.Release|Any CPU.ActiveCfg = Release|Any CPU
		{3BC268BE-565B-4C43-83DB-B2F18E606186}.Release|Any CPU.Build.0 = Release|Any CPU
	EndGlobalSection
	GlobalSection(SolutionProperties) = preSolution
		HideSolutionNode = FALSE
	EndGlobalSection
	GlobalSection(ExtensibilityGlobals) = postSolution
		SolutionGuid = {D2DECDCA-0225-4B38-8EA0-55E209CAEB98}
	EndGlobalSection
EndGlobal
